// !$*UTF8*$!
{
	archiveVersion = 1;
	classes = {
	};
	objectVersion = 77;
	objects = {

/* Begin PBXBuildFile section */
		D0F845BC2E17AF52001B99F8 /* ConfettiSwiftUI in Frameworks */ = {isa = PBXBuildFile; productRef = D0F845BB2E17AF52001B99F8 /* ConfettiSwiftUI */; };
/* End PBXBuildFile section */

/* Begin PBXContainerItemProxy section */
		D06D01702E09FD14003A6AA2 /* PBXContainerItemProxy */ = {
			isa = PBXContainerItemProxy;
			containerPortal = D06D015A2E09FD11003A6AA2 /* Project object */;
			proxyType = 1;
			remoteGlobalIDString = D06D01612E09FD11003A6AA2;
			remoteInfo = "Thai Vocab Trainer";
		};
		D06D017A2E09FD14003A6AA2 /* PBXContainerItemProxy */ = {
			isa = PBXContainerItemProxy;
			containerPortal = D06D015A2E09FD11003A6AA2 /* Project object */;
			proxyType = 1;
			remoteGlobalIDString = D06D01612E09FD11003A6AA2;
			remoteInfo = "Thai Vocab Trainer";
		};
/* End PBXContainerItemProxy section */

/* Begin PBXFileReference section */
		D06D01622E09FD11003A6AA2 /* Thai Vocab Trainer.app */ = {isa = PBXFileReference; explicitFileType = wrapper.application; includeInIndex = 0; path = "Thai Vocab Trainer.app"; sourceTree = BUILT_PRODUCTS_DIR; };
		D06D016F2E09FD14003A6AA2 /* Thai Vocab TrainerTests.xctest */ = {isa = PBXFileReference; explicitFileType = wrapper.cfbundle; includeInIndex = 0; path = "Thai Vocab TrainerTests.xctest"; sourceTree = BUILT_PRODUCTS_DIR; };
		D06D01792E09FD14003A6AA2 /* Thai Vocab TrainerUITests.xctest */ = {isa = PBXFileReference; explicitFileType = wrapper.cfbundle; includeInIndex = 0; path = "Thai Vocab TrainerUITests.xctest"; sourceTree = BUILT_PRODUCTS_DIR; };
/* End PBXFileReference section */

/* Begin PBXFileSystemSynchronizedRootGroup section */
		D06D01642E09FD11003A6AA2 /* Thai Vocab Trainer */ = {
			isa = PBXFileSystemSynchronizedRootGroup;
			path = "Thai Vocab Trainer";
			sourceTree = "<group>";
		};
		D06D01722E09FD14003A6AA2 /* Thai Vocab TrainerTests */ = {
			isa = PBXFileSystemSynchronizedRootGroup;
			path = "Thai Vocab TrainerTests";
			sourceTree = "<group>";
		};
		D06D017C2E09FD14003A6AA2 /* Thai Vocab TrainerUITests */ = {
			isa = PBXFileSystemSynchronizedRootGroup;
			path = "Thai Vocab TrainerUITests";
			sourceTree = "<group>";
		};
/* End PBXFileSystemSynchronizedRootGroup section */

/* Begin PBXFrameworksBuildPhase section */
		D06D015F2E09FD11003A6AA2 /* Frameworks */ = {
			isa = PBXFrameworksBuildPhase;
			buildActionMask = 2147483647;
			files = (
				D0F845BC2E17AF52001B99F8 /* ConfettiSwiftUI in Frameworks */,
			);
			runOnlyForDeploymentPostprocessing = 0;
		};
		D06D016C2E09FD14003A6AA2 /* Frameworks */ = {
			isa = PBXFrameworksBuildPhase;
			buildActionMask = 2147483647;
			files = (
			);
			runOnlyForDeploymentPostprocessing = 0;
		};
		D06D01762E09FD14003A6AA2 /* Frameworks */ = {
			isa = PBXFrameworksBuildPhase;
			buildActionMask = 2147483647;
			files = (
			);
			runOnlyForDeploymentPostprocessing = 0;
		};
/* End PBXFrameworksBuildPhase section */

/* Begin PBXGroup section */
		D06D01592E09FD11003A6AA2 = {
			isa = PBXGroup;
			children = (
				D06D01642E09FD11003A6AA2 /* Thai Vocab Trainer */,
				D06D01722E09FD14003A6AA2 /* Thai Vocab TrainerTests */,
				D06D017C2E09FD14003A6AA2 /* Thai Vocab TrainerUITests */,
				D0F845BA2E17AF52001B99F8 /* Frameworks */,
				D06D01632E09FD11003A6AA2 /* Products */,
			);
			sourceTree = "<group>";
		};
		D06D01632E09FD11003A6AA2 /* Products */ = {
			isa = PBXGroup;
			children = (
				D06D01622E09FD11003A6AA2 /* Thai Vocab Trainer.app */,
				D06D016F2E09FD14003A6AA2 /* Thai Vocab TrainerTests.xctest */,
				D06D01792E09FD14003A6AA2 /* Thai Vocab TrainerUITests.xctest */,
			);
			name = Products;
			sourceTree = "<group>";
		};
		D0F845BA2E17AF52001B99F8 /* Frameworks */ = {
			isa = PBXGroup;
			children = (
			);
			name = Frameworks;
			sourceTree = "<group>";
		};
/* End PBXGroup section */

/* Begin PBXNativeTarget section */
		D06D01612E09FD11003A6AA2 /* Thai Vocab Trainer */ = {
			isa = PBXNativeTarget;
			buildConfigurationList = D06D01832E09FD14003A6AA2 /* Build configuration list for PBXNativeTarget "Thai Vocab Trainer" */;
			buildPhases = (
				D0F847D62E19163C001B99F8 /* SwiftLint */,
				D06D015E2E09FD11003A6AA2 /* Sources */,
				D06D015F2E09FD11003A6AA2 /* Frameworks */,
				D06D01602E09FD11003A6AA2 /* Resources */,
			);
			buildRules = (
			);
			dependencies = (
			);
			fileSystemSynchronizedGroups = (
				D06D01642E09FD11003A6AA2 /* Thai Vocab Trainer */,
			);
			name = "Thai Vocab Trainer";
			packageProductDependencies = (
				D0F845BB2E17AF52001B99F8 /* ConfettiSwiftUI */,
			);
			productName = "Thai Vocab Trainer";
			productReference = D06D01622E09FD11003A6AA2 /* Thai Vocab Trainer.app */;
			productType = "com.apple.product-type.application";
		};
		D06D016E2E09FD14003A6AA2 /* Thai Vocab TrainerTests */ = {
			isa = PBXNativeTarget;
			buildConfigurationList = D06D01862E09FD14003A6AA2 /* Build configuration list for PBXNativeTarget "Thai Vocab TrainerTests" */;
			buildPhases = (
				D06D016B2E09FD14003A6AA2 /* Sources */,
				D06D016C2E09FD14003A6AA2 /* Frameworks */,
				D06D016D2E09FD14003A6AA2 /* Resources */,
			);
			buildRules = (
			);
			dependencies = (
				D06D01712E09FD14003A6AA2 /* PBXTargetDependency */,
			);
			fileSystemSynchronizedGroups = (
				D06D01722E09FD14003A6AA2 /* Thai Vocab TrainerTests */,
			);
			name = "Thai Vocab TrainerTests";
			packageProductDependencies = (
			);
			productName = "Thai Vocab TrainerTests";
			productReference = D06D016F2E09FD14003A6AA2 /* Thai Vocab TrainerTests.xctest */;
			productType = "com.apple.product-type.bundle.unit-test";
		};
		D06D01782E09FD14003A6AA2 /* Thai Vocab TrainerUITests */ = {
			isa = PBXNativeTarget;
			buildConfigurationList = D06D01892E09FD14003A6AA2 /* Build configuration list for PBXNativeTarget "Thai Vocab TrainerUITests" */;
			buildPhases = (
				D06D01752E09FD14003A6AA2 /* Sources */,
				D06D01762E09FD14003A6AA2 /* Frameworks */,
				D06D01772E09FD14003A6AA2 /* Resources */,
			);
			buildRules = (
			);
			dependencies = (
				D06D017B2E09FD14003A6AA2 /* PBXTargetDependency */,
			);
			fileSystemSynchronizedGroups = (
				D06D017C2E09FD14003A6AA2 /* Thai Vocab TrainerUITests */,
			);
			name = "Thai Vocab TrainerUITests";
			packageProductDependencies = (
			);
			productName = "Thai Vocab TrainerUITests";
			productReference = D06D01792E09FD14003A6AA2 /* Thai Vocab TrainerUITests.xctest */;
			productType = "com.apple.product-type.bundle.ui-testing";
		};
/* End PBXNativeTarget section */

/* Begin PBXProject section */
		D06D015A2E09FD11003A6AA2 /* Project object */ = {
			isa = PBXProject;
			attributes = {
				BuildIndependentTargetsInParallel = 1;
				LastSwiftUpdateCheck = 1640;
				LastUpgradeCheck = 1640;
				TargetAttributes = {
					D06D01612E09FD11003A6AA2 = {
						CreatedOnToolsVersion = 16.4;
					};
					D06D016E2E09FD14003A6AA2 = {
						CreatedOnToolsVersion = 16.4;
						TestTargetID = D06D01612E09FD11003A6AA2;
					};
					D06D01782E09FD14003A6AA2 = {
						CreatedOnToolsVersion = 16.4;
						TestTargetID = D06D01612E09FD11003A6AA2;
					};
				};
			};
			buildConfigurationList = D06D015D2E09FD11003A6AA2 /* Build configuration list for PBXProject "Thai Vocab Trainer" */;
			developmentRegion = en;
			hasScannedForEncodings = 0;
			knownRegions = (
				en,
				Base,
			);
			mainGroup = D06D01592E09FD11003A6AA2;
			minimizedProjectReferenceProxies = 1;
			packageReferences = (
				D0F845B92E17AD4E001B99F8 /* XCRemoteSwiftPackageReference "ConfettiSwiftUI" */,
			);
			preferredProjectObjectVersion = 77;
			productRefGroup = D06D01632E09FD11003A6AA2 /* Products */;
			projectDirPath = "";
			projectRoot = "";
			targets = (
				D06D01612E09FD11003A6AA2 /* Thai Vocab Trainer */,
				D06D016E2E09FD14003A6AA2 /* Thai Vocab TrainerTests */,
				D06D01782E09FD14003A6AA2 /* Thai Vocab TrainerUITests */,
			);
		};
/* End PBXProject section */

/* Begin PBXResourcesBuildPhase section */
		D06D01602E09FD11003A6AA2 /* Resources */ = {
			isa = PBXResourcesBuildPhase;
			buildActionMask = 2147483647;
			files = (
			);
			runOnlyForDeploymentPostprocessing = 0;
		};
		D06D016D2E09FD14003A6AA2 /* Resources */ = {
			isa = PBXResourcesBuildPhase;
			buildActionMask = 2147483647;
			files = (
			);
			runOnlyForDeploymentPostprocessing = 0;
		};
		D06D01772E09FD14003A6AA2 /* Resources */ = {
			isa = PBXResourcesBuildPhase;
			buildActionMask = 2147483647;
			files = (
			);
			runOnlyForDeploymentPostprocessing = 0;
		};
/* End PBXResourcesBuildPhase section */

/* Begin PBXShellScriptBuildPhase section */
		D0F847D62E19163C001B99F8 /* SwiftLint */ = {
			isa = PBXShellScriptBuildPhase;
			alwaysOutOfDate = 1;
			buildActionMask = 12;
			files = (
			);
			inputFileListPaths = (
			);
			inputPaths = (
			);
			name = SwiftLint;
			outputFileListPaths = (
			);
			outputPaths = (
			);
			runOnlyForDeploymentPostprocessing = 0;
			shellPath = /bin/sh;
			shellScript = "/opt/homebrew/bin/swiftlint --path \"${SRCROOT}\" || true\n";
		};
/* End PBXShellScriptBuildPhase section */

/* Begin PBXSourcesBuildPhase section */
		D06D015E2E09FD11003A6AA2 /* Sources */ = {
			isa = PBXSourcesBuildPhase;
			buildActionMask = 2147483647;
			files = (
			);
			runOnlyForDeploymentPostprocessing = 0;
		};
		D06D016B2E09FD14003A6AA2 /* Sources */ = {
			isa = PBXSourcesBuildPhase;
			buildActionMask = 2147483647;
			files = (
			);
			runOnlyForDeploymentPostprocessing = 0;
		};
		D06D01752E09FD14003A6AA2 /* Sources */ = {
			isa = PBXSourcesBuildPhase;
			buildActionMask = 2147483647;
			files = (
			);
			runOnlyForDeploymentPostprocessing = 0;
		};
/* End PBXSourcesBuildPhase section */

/* Begin PBXTargetDependency section */
		D06D01712E09FD14003A6AA2 /* PBXTargetDependency */ = {
			isa = PBXTargetDependency;
			target = D06D01612E09FD11003A6AA2 /* Thai Vocab Trainer */;
			targetProxy = D06D01702E09FD14003A6AA2 /* PBXContainerItemProxy */;
		};
		D06D017B2E09FD14003A6AA2 /* PBXTargetDependency */ = {
			isa = PBXTargetDependency;
			target = D06D01612E09FD11003A6AA2 /* Thai Vocab Trainer */;
			targetProxy = D06D017A2E09FD14003A6AA2 /* PBXContainerItemProxy */;
		};
/* End PBXTargetDependency section */

/* Begin XCBuildConfiguration section */
		D06D01812E09FD14003A6AA2 /* Debug */ = {
			isa = XCBuildConfiguration;
			buildSettings = {
				ALWAYS_SEARCH_USER_PATHS = NO;
				ASSETCATALOG_COMPILER_GENERATE_SWIFT_ASSET_SYMBOL_EXTENSIONS = YES;
				CLANG_ANALYZER_NONNULL = YES;
				CLANG_ANALYZER_NUMBER_OBJECT_CONVERSION = YES_AGGRESSIVE;
				CLANG_CXX_LANGUAGE_STANDARD = "gnu++20";
				CLANG_ENABLE_MODULES = YES;
				CLANG_ENABLE_OBJC_ARC = YES;
				CLANG_ENABLE_OBJC_WEAK = YES;
				CLANG_WARN_BLOCK_CAPTURE_AUTORELEASING = YES;
				CLANG_WARN_BOOL_CONVERSION = YES;
				CLANG_WARN_COMMA = YES;
				CLANG_WARN_CONSTANT_CONVERSION = YES;
				CLANG_WARN_DEPRECATED_OBJC_IMPLEMENTATIONS = YES;
				CLANG_WARN_DIRECT_OBJC_ISA_USAGE = YES_ERROR;
				CLANG_WARN_DOCUMENTATION_COMMENTS = YES;
				CLANG_WARN_EMPTY_BODY = YES;
				CLANG_WARN_ENUM_CONVERSION = YES;
				CLANG_WARN_INFINITE_RECURSION = YES;
				CLANG_WARN_INT_CONVERSION = YES;
				CLANG_WARN_NON_LITERAL_NULL_CONVERSION = YES;
				CLANG_WARN_OBJC_IMPLICIT_RETAIN_SELF = YES;
				CLANG_WARN_OBJC_LITERAL_CONVERSION = YES;
				CLANG_WARN_OBJC_ROOT_CLASS = YES_ERROR;
				CLANG_WARN_QUOTED_INCLUDE_IN_FRAMEWORK_HEADER = YES;
				CLANG_WARN_RANGE_LOOP_ANALYSIS = YES;
				CLANG_WARN_STRICT_PROTOTYPES = YES;
				CLANG_WARN_SUSPICIOUS_MOVE = YES;
				CLANG_WARN_UNGUARDED_AVAILABILITY = YES_AGGRESSIVE;
				CLANG_WARN_UNREACHABLE_CODE = YES;
				CLANG_WARN__DUPLICATE_METHOD_MATCH = YES;
				COPY_PHASE_STRIP = NO;
				DEBUG_INFORMATION_FORMAT = dwarf;
				DEVELOPMENT_TEAM = 38C8BT35ZA;
				ENABLE_STRICT_OBJC_MSGSEND = YES;
				ENABLE_TESTABILITY = YES;
				ENABLE_USER_SCRIPT_SANDBOXING = YES;
				GCC_C_LANGUAGE_STANDARD = gnu17;
				GCC_DYNAMIC_NO_PIC = NO;
				GCC_NO_COMMON_BLOCKS = YES;
				GCC_OPTIMIZATION_LEVEL = 0;
				GCC_PREPROCESSOR_DEFINITIONS = (
					"DEBUG=1",
					"$(inherited)",
				);
				GCC_WARN_64_TO_32_BIT_CONVERSION = YES;
				GCC_WARN_ABOUT_RETURN_TYPE = YES_ERROR;
				GCC_WARN_UNDECLARED_SELECTOR = YES;
				GCC_WARN_UNINITIALIZED_AUTOS = YES_AGGRESSIVE;
				GCC_WARN_UNUSED_FUNCTION = YES;
				GCC_WARN_UNUSED_VARIABLE = YES;
				IPHONEOS_DEPLOYMENT_TARGET = 18.5;
				LOCALIZATION_PREFERS_STRING_CATALOGS = YES;
				MTL_ENABLE_DEBUG_INFO = INCLUDE_SOURCE;
				MTL_FAST_MATH = YES;
				ONLY_ACTIVE_ARCH = YES;
				SDKROOT = iphoneos;
				SWIFT_ACTIVE_COMPILATION_CONDITIONS = "DEBUG $(inherited)";
				SWIFT_OPTIMIZATION_LEVEL = "-Onone";
			};
			name = Debug;
		};
		D06D01822E09FD14003A6AA2 /* Release */ = {
			isa = XCBuildConfiguration;
			buildSettings = {
				ALWAYS_SEARCH_USER_PATHS = NO;
				ASSETCATALOG_COMPILER_GENERATE_SWIFT_ASSET_SYMBOL_EXTENSIONS = YES;
				CLANG_ANALYZER_NONNULL = YES;
				CLANG_ANALYZER_NUMBER_OBJECT_CONVERSION = YES_AGGRESSIVE;
				CLANG_CXX_LANGUAGE_STANDARD = "gnu++20";
				CLANG_ENABLE_MODULES = YES;
				CLANG_ENABLE_OBJC_ARC = YES;
				CLANG_ENABLE_OBJC_WEAK = YES;
				CLANG_WARN_BLOCK_CAPTURE_AUTORELEASING = YES;
				CLANG_WARN_BOOL_CONVERSION = YES;
				CLANG_WARN_COMMA = YES;
				CLANG_WARN_CONSTANT_CONVERSION = YES;
				CLANG_WARN_DEPRECATED_OBJC_IMPLEMENTATIONS = YES;
				CLANG_WARN_DIRECT_OBJC_ISA_USAGE = YES_ERROR;
				CLANG_WARN_DOCUMENTATION_COMMENTS = YES;
				CLANG_WARN_EMPTY_BODY = YES;
				CLANG_WARN_ENUM_CONVERSION = YES;
				CLANG_WARN_INFINITE_RECURSION = YES;
				CLANG_WARN_INT_CONVERSION = YES;
				CLANG_WARN_NON_LITERAL_NULL_CONVERSION = YES;
				CLANG_WARN_OBJC_IMPLICIT_RETAIN_SELF = YES;
				CLANG_WARN_OBJC_LITERAL_CONVERSION = YES;
				CLANG_WARN_OBJC_ROOT_CLASS = YES_ERROR;
				CLANG_WARN_QUOTED_INCLUDE_IN_FRAMEWORK_HEADER = YES;
				CLANG_WARN_RANGE_LOOP_ANALYSIS = YES;
				CLANG_WARN_STRICT_PROTOTYPES = YES;
				CLANG_WARN_SUSPICIOUS_MOVE = YES;
				CLANG_WARN_UNGUARDED_AVAILABILITY = YES_AGGRESSIVE;
				CLANG_WARN_UNREACHABLE_CODE = YES;
				CLANG_WARN__DUPLICATE_METHOD_MATCH = YES;
				COPY_PHASE_STRIP = NO;
				DEBUG_INFORMATION_FORMAT = "dwarf-with-dsym";
				DEVELOPMENT_TEAM = 38C8BT35ZA;
				ENABLE_NS_ASSERTIONS = NO;
				ENABLE_STRICT_OBJC_MSGSEND = YES;
				ENABLE_USER_SCRIPT_SANDBOXING = YES;
				GCC_C_LANGUAGE_STANDARD = gnu17;
				GCC_NO_COMMON_BLOCKS = YES;
				GCC_WARN_64_TO_32_BIT_CONVERSION = YES;
				GCC_WARN_ABOUT_RETURN_TYPE = YES_ERROR;
				GCC_WARN_UNDECLARED_SELECTOR = YES;
				GCC_WARN_UNINITIALIZED_AUTOS = YES_AGGRESSIVE;
				GCC_WARN_UNUSED_FUNCTION = YES;
				GCC_WARN_UNUSED_VARIABLE = YES;
				IPHONEOS_DEPLOYMENT_TARGET = 18.5;
				LOCALIZATION_PREFERS_STRING_CATALOGS = YES;
				MTL_ENABLE_DEBUG_INFO = NO;
				MTL_FAST_MATH = YES;
				SDKROOT = iphoneos;
				SWIFT_COMPILATION_MODE = wholemodule;
				VALIDATE_PRODUCT = YES;
			};
			name = Release;
		};
		D06D01842E09FD14003A6AA2 /* Debug */ = {
			isa = XCBuildConfiguration;
			buildSettings = {
				ASSETCATALOG_COMPILER_APPICON_NAME = AppIcon;
				ASSETCATALOG_COMPILER_GLOBAL_ACCENT_COLOR_NAME = AccentColor;
				CODE_SIGN_STYLE = Automatic;
				CURRENT_PROJECT_VERSION = 1;
				DEVELOPMENT_TEAM = 38C8BT35ZA;
				ENABLE_PREVIEWS = YES;
				GENERATE_INFOPLIST_FILE = YES;
				INFOPLIST_FILE = "Thai-Vocab-Trainer-Info.plist";
				INFOPLIST_KEY_UIApplicationSceneManifest_Generation = YES;
				INFOPLIST_KEY_UIApplicationSupportsIndirectInputEvents = YES;
				INFOPLIST_KEY_UILaunchScreen_Generation = YES;
				INFOPLIST_KEY_UISupportedInterfaceOrientations = UIInterfaceOrientationPortrait;
				INFOPLIST_KEY_UISupportedInterfaceOrientations_iPad = "UIInterfaceOrientationLandscapeLeft UIInterfaceOrientationLandscapeRight UIInterfaceOrientationPortrait UIInterfaceOrientationPortraitUpsideDown";
				LD_RUNPATH_SEARCH_PATHS = (
					"$(inherited)",
					"@executable_path/Frameworks",
				);
				MARKETING_VERSION = 1.0;
				PRODUCT_BUNDLE_IDENTIFIER = "com.petersoemoe.Thai-Vocab-Trainer";
				PRODUCT_NAME = "$(TARGET_NAME)";
				SWIFT_EMIT_LOC_STRINGS = YES;
				SWIFT_VERSION = 5.0;
				TARGETED_DEVICE_FAMILY = "1,2";
			};
			name = Debug;
		};
		D06D01852E09FD14003A6AA2 /* Release */ = {
			isa = XCBuildConfiguration;
			buildSettings = {
				ASSETCATALOG_COMPILER_APPICON_NAME = AppIcon;
				ASSETCATALOG_COMPILER_GLOBAL_ACCENT_COLOR_NAME = AccentColor;
				CODE_SIGN_STYLE = Automatic;
				CURRENT_PROJECT_VERSION = 1;
				DEVELOPMENT_TEAM = 38C8BT35ZA;
				ENABLE_PREVIEWS = YES;
				GENERATE_INFOPLIST_FILE = YES;
				INFOPLIST_FILE = "Thai-Vocab-Trainer-Info.plist";
				INFOPLIST_KEY_UIApplicationSceneManifest_Generation = YES;
				INFOPLIST_KEY_UIApplicationSupportsIndirectInputEvents = YES;
				INFOPLIST_KEY_UILaunchScreen_Generation = YES;
				INFOPLIST_KEY_UISupportedInterfaceOrientations = UIInterfaceOrientationPortrait;
				INFOPLIST_KEY_UISupportedInterfaceOrientations_iPad = "UIInterfaceOrientationLandscapeLeft UIInterfaceOrientationLandscapeRight UIInterfaceOrientationPortrait UIInterfaceOrientationPortraitUpsideDown";
				LD_RUNPATH_SEARCH_PATHS = (
					"$(inherited)",
					"@executable_path/Frameworks",
				);
				MARKETING_VERSION = 1.0;
				PRODUCT_BUNDLE_IDENTIFIER = "com.petersoemoe.Thai-Vocab-Trainer";
				PRODUCT_NAME = "$(TARGET_NAME)";
				SWIFT_EMIT_LOC_STRINGS = YES;
				SWIFT_VERSION = 5.0;
				TARGETED_DEVICE_FAMILY = "1,2";
			};
			name = Release;
		};
		D06D01872E09FD14003A6AA2 /* Debug */ = {
			isa = XCBuildConfiguration;
			buildSettings = {
				BUNDLE_LOADER = "$(TEST_HOST)";
				CODE_SIGN_STYLE = Automatic;
				CURRENT_PROJECT_VERSION = 1;
				DEVELOPMENT_TEAM = 38C8BT35ZA;
				GENERATE_INFOPLIST_FILE = YES;
				IPHONEOS_DEPLOYMENT_TARGET = 18.5;
				MARKETING_VERSION = 1.0;
				PRODUCT_BUNDLE_IDENTIFIER = "com.petersoemoe.Thai-Vocab-TrainerTests";
				PRODUCT_NAME = "$(TARGET_NAME)";
				SWIFT_EMIT_LOC_STRINGS = NO;
				SWIFT_VERSION = 5.0;
				TARGETED_DEVICE_FAMILY = "1,2";
				TEST_HOST = "$(BUILT_PRODUCTS_DIR)/Thai Vocab Trainer.app/$(BUNDLE_EXECUTABLE_FOLDER_PATH)/Thai Vocab Trainer";
			};
			name = Debug;
		};
		D06D01882E09FD14003A6AA2 /* Release */ = {
			isa = XCBuildConfiguration;
			buildSettings = {
				BUNDLE_LOADER = "$(TEST_HOST)";
				CODE_SIGN_STYLE = Automatic;
				CURRENT_PROJECT_VERSION = 1;
				DEVELOPMENT_TEAM = 38C8BT35ZA;
				GENERATE_INFOPLIST_FILE = YES;
				IPHONEOS_DEPLOYMENT_TARGET = 18.5;
				MARKETING_VERSION = 1.0;
				PRODUCT_BUNDLE_IDENTIFIER = "com.petersoemoe.Thai-Vocab-TrainerTests";
				PRODUCT_NAME = "$(TARGET_NAME)";
				SWIFT_EMIT_LOC_STRINGS = NO;
				SWIFT_VERSION = 5.0;
				TARGETED_DEVICE_FAMILY = "1,2";
				TEST_HOST = "$(BUILT_PRODUCTS_DIR)/Thai Vocab Trainer.app/$(BUNDLE_EXECUTABLE_FOLDER_PATH)/Thai Vocab Trainer";
			};
			name = Release;
		};
		D06D018A2E09FD14003A6AA2 /* Debug */ = {
			isa = XCBuildConfiguration;
			buildSettings = {
				CODE_SIGN_STYLE = Automatic;
				CURRENT_PROJECT_VERSION = 1;
				DEVELOPMENT_TEAM = 38C8BT35ZA;
				GENERATE_INFOPLIST_FILE = YES;
				MARKETING_VERSION = 1.0;
				PRODUCT_BUNDLE_IDENTIFIER = "com.petersoemoe.Thai-Vocab-TrainerUITests";
				PRODUCT_NAME = "$(TARGET_NAME)";
				SWIFT_EMIT_LOC_STRINGS = NO;
				SWIFT_VERSION = 5.0;
				TARGETED_DEVICE_FAMILY = "1,2";
				TEST_TARGET_NAME = "Thai Vocab Trainer";
			};
			name = Debug;
		};
		D06D018B2E09FD14003A6AA2 /* Release */ = {
			isa = XCBuildConfiguration;
			buildSettings = {
				CODE_SIGN_STYLE = Automatic;
				CURRENT_PROJECT_VERSION = 1;
				DEVELOPMENT_TEAM = 38C8BT35ZA;
				GENERATE_INFOPLIST_FILE = YES;
				MARKETING_VERSION = 1.0;
				PRODUCT_BUNDLE_IDENTIFIER = "com.petersoemoe.Thai-Vocab-TrainerUITests";
				PRODUCT_NAME = "$(TARGET_NAME)";
				SWIFT_EMIT_LOC_STRINGS = NO;
				SWIFT_VERSION = 5.0;
				TARGETED_DEVICE_FAMILY = "1,2";
				TEST_TARGET_NAME = "Thai Vocab Trainer";
			};
			name = Release;
		};
/* End XCBuildConfiguration section */

/* Begin XCConfigurationList section */
		D06D015D2E09FD11003A6AA2 /* Build configuration list for PBXProject "Thai Vocab Trainer" */ = {
			isa = XCConfigurationList;
			buildConfigurations = (
				D06D01812E09FD14003A6AA2 /* Debug */,
				D06D01822E09FD14003A6AA2 /* Release */,
			);
			defaultConfigurationIsVisible = 0;
			defaultConfigurationName = Release;
		};
		D06D01832E09FD14003A6AA2 /* Build configuration list for PBXNativeTarget "Thai Vocab Trainer" */ = {
			isa = XCConfigurationList;
			buildConfigurations = (
				D06D01842E09FD14003A6AA2 /* Debug */,
				D06D01852E09FD14003A6AA2 /* Release */,
			);
			defaultConfigurationIsVisible = 0;
			defaultConfigurationName = Release;
		};
		D06D01862E09FD14003A6AA2 /* Build configuration list for PBXNativeTarget "Thai Vocab TrainerTests" */ = {
			isa = XCConfigurationList;
			buildConfigurations = (
				D06D01872E09FD14003A6AA2 /* Debug */,
				D06D01882E09FD14003A6AA2 /* Release */,
			);
			defaultConfigurationIsVisible = 0;
			defaultConfigurationName = Release;
		};
		D06D01892E09FD14003A6AA2 /* Build configuration list for PBXNativeTarget "Thai Vocab TrainerUITests" */ = {
			isa = XCConfigurationList;
			buildConfigurations = (
				D06D018A2E09FD14003A6AA2 /* Debug */,
				D06D018B2E09FD14003A6AA2 /* Release */,
			);
			defaultConfigurationIsVisible = 0;
			defaultConfigurationName = Release;
		};
/* End XCConfigurationList section */

/* Begin XCRemoteSwiftPackageReference section */
		D0F845B92E17AD4E001B99F8 /* XCRemoteSwiftPackageReference "ConfettiSwiftUI" */ = {
			isa = XCRemoteSwiftPackageReference;
			repositoryURL = "https://github.com/simibac/ConfettiSwiftUI.git";
			requirement = {
				kind = upToNextMajorVersion;
				minimumVersion = 2.0.3;
			};
		};
/* End XCRemoteSwiftPackageReference section */

/* Begin XCSwiftPackageProductDependency section */
		D0F845BB2E17AF52001B99F8 /* ConfettiSwiftUI */ = {
			isa = XCSwiftPackageProductDependency;
			package = D0F845B92E17AD4E001B99F8 /* XCRemoteSwiftPackageReference "ConfettiSwiftUI" */;
			productName = ConfettiSwiftUI;
		};
/* End XCSwiftPackageProductDependency section */
	};
	rootObject = D06D015A2E09FD11003A6AA2 /* Project object */;
}
